
Microsoft Visual Studio Solution File, Format Version 12.00
# Visual Studio 15
VisualStudioVersion = 15.0.26228.4
MinimumVisualStudioVersion = 10.0.40219.1
Project("{2150E333-8FDC-42A3-9474-1A3956D46DE8}") = "src", "src", "{F4EACBFE-9EEC-437B-B777-7AAA9489976C}"
	ProjectSection(SolutionItems) = preProject
		readme.txt = readme.txt
	EndProjectSection
EndProject
Project("{2150E333-8FDC-42A3-9474-1A3956D46DE8}") = "test", "test", "{5969B558-59D4-479E-8E9B-CE7212CC44FF}"
EndProject
Project("{2150E333-8FDC-42A3-9474-1A3956D46DE8}") = "IdentityServer", "IdentityServer", "{8C831312-5A23-445A-AA0D-80BAF9A9A751}"
EndProject
Project("{FAE04EC0-301F-11D3-BF4B-00C04F79EFBC}") = "coremanage.Core.Services.Shared", "coremanage.Core.Services.Shared\coremanage.Core.Services.Shared.csproj", "{6670C456-09A3-4284-AB27-E0A2A9E9C484}"
EndProject
Project("{FAE04EC0-301F-11D3-BF4B-00C04F79EFBC}") = "coremanage.Core.Services.Security", "coremanage.Core.Services.Security\coremanage.Core.Services.Security.csproj", "{8A649455-0939-4306-9F37-B5668A507E35}"
EndProject
Project("{FAE04EC0-301F-11D3-BF4B-00C04F79EFBC}") = "coremanage.Core.Services.Resourse", "coremanage.Core.Services.Resourse\coremanage.Core.Services.Resourse.csproj", "{EAA865A3-468B-4158-A902-8F24A15B7F13}"
EndProject
Project("{FAE04EC0-301F-11D3-BF4B-00C04F79EFBC}") = "coremanage.Core.Bootstrap", "coremanage.Core.Bootstrap\coremanage.Core.Bootstrap.csproj", "{DB310632-EBB7-423E-93F4-2C894CB5C2F6}"
EndProject
Project("{FAE04EC0-301F-11D3-BF4B-00C04F79EFBC}") = "coremanage.Messaging.Email", "coremanage.Messaging.Email\coremanage.Messaging.Email.csproj", "{4682696E-15E8-4C54-97DB-9A268FB36C78}"
EndProject
Project("{FAE04EC0-301F-11D3-BF4B-00C04F79EFBC}") = "coremanage.IdentityServer.Storage.EFCore.Common", "coremanage.IdentityServer.Storage.EFCore.Common\coremanage.IdentityServer.Storage.EFCore.Common.csproj", "{F04ECF33-97A9-46CD-BB59-44F6766C6F8B}"
EndProject
Project("{FAE04EC0-301F-11D3-BF4B-00C04F79EFBC}") = "coremanage.IdentityServer.Storage.EFCore.MSSQL", "coremanage.IdentityServer.Storage.EFCore.MSSQL\coremanage.IdentityServer.Storage.EFCore.MSSQL.csproj", "{C6E6B861-D026-476C-B866-01EA979AC530}"
EndProject
Project("{FAE04EC0-301F-11D3-BF4B-00C04F79EFBC}") = "coremanage.IdentityServer.WebApi", "coremanage.IdentityServer.WebApi\coremanage.IdentityServer.WebApi.csproj", "{7E9BB071-B6D6-4644-917D-788A4DC05460}"
EndProject
Project("{FAE04EC0-301F-11D3-BF4B-00C04F79EFBC}") = "coremanage.Data.DomainModel", "coremanage.Data.DomainModel\coremanage.Data.DomainModel.csproj", "{62E0A853-134F-4223-AAFB-6E84D164B3F2}"
EndProject
Project("{2150E333-8FDC-42A3-9474-1A3956D46DE8}") = "Dashboard", "Dashboard", "{D5A5CF72-B22B-4AB9-A729-3781BAAAD4B8}"
EndProject
Project("{2150E333-8FDC-42A3-9474-1A3956D46DE8}") = "clients", "clients", "{2B66CEFB-6D2D-4055-B9DC-38026A972B8E}"
EndProject
Project("{9A19103F-16F7-4668-BE54-9A1E7A4F7556}") = "ClientResourceOwner", "ClientResourceOwner\ClientResourceOwner.csproj", "{69462F10-56F8-4DDC-AC74-EE8698E32AAE}"
EndProject
Project("{9A19103F-16F7-4668-BE54-9A1E7A4F7556}") = "coremanage.Dashboard.WebApi", "coremanage.Dashboard.WebApi\coremanage.Dashboard.WebApi.csproj", "{678BF830-20B0-429F-B532-1ACA0892973A}"
EndProject
Project("{2150E333-8FDC-42A3-9474-1A3956D46DE8}") = "storagecore", "storagecore", "{7918FAA2-E7B0-4598-930C-2DC51255A75B}"
EndProject
Project("{FAE04EC0-301F-11D3-BF4B-00C04F79EFBC}") = "storagecore.Abstractions", "storagecore.Abstractions\storagecore.Abstractions.csproj", "{A0700777-195E-4317-9723-F672EF4EDA7E}"
EndProject
Project("{FAE04EC0-301F-11D3-BF4B-00C04F79EFBC}") = "storagecore.EntityFrameworkCore", "storagecore.EntityFrameworkCore\storagecore.EntityFrameworkCore.csproj", "{69190E2B-9D5C-4D94-8F2C-111AC582EA45}"
EndProject
Project("{FAE04EC0-301F-11D3-BF4B-00C04F79EFBC}") = "coremanage.Data.Storage", "coremanage.Data.Storage\coremanage.Data.Storage.csproj", "{78BBE643-EACF-4A9F-9AB7-A7091D54EAF1}"
EndProject
Project("{FAE04EC0-301F-11D3-BF4B-00C04F79EFBC}") = "coremanage.Core.Contracts", "coremanage.Core.Contracts\coremanage.Core.Contracts.csproj", "{54EFE7BF-BC0C-4985-88B0-51C728874313}"
EndProject
Project("{FAE04EC0-301F-11D3-BF4B-00C04F79EFBC}") = "coremanage.Data.Storage.MSSQL", "coremanage.Data.Storage.MSSQL\coremanage.Data.Storage.MSSQL.csproj", "{BB856DBE-8421-410D-8698-E84B39F25916}"
EndProject
Project("{FAE04EC0-301F-11D3-BF4B-00C04F79EFBC}") = "coremanage.Core.Models", "coremanage.Core.Models\coremanage.Core.Models.csproj", "{DE5F4F2D-5BE5-4C0E-BD0C-7DD9FDC7E136}"
EndProject
Global
	GlobalSection(SolutionConfigurationPlatforms) = preSolution
		Debug|Any CPU = Debug|Any CPU
		Debug|x64 = Debug|x64
		Debug|x86 = Debug|x86
		Release|Any CPU = Release|Any CPU
		Release|x64 = Release|x64
		Release|x86 = Release|x86
	EndGlobalSection
	GlobalSection(ProjectConfigurationPlatforms) = postSolution
		{6670C456-09A3-4284-AB27-E0A2A9E9C484}.Debug|Any CPU.ActiveCfg = Debug|Any CPU
		{6670C456-09A3-4284-AB27-E0A2A9E9C484}.Debug|Any CPU.Build.0 = Debug|Any CPU
		{6670C456-09A3-4284-AB27-E0A2A9E9C484}.Debug|x64.ActiveCfg = Debug|Any CPU
		{6670C456-09A3-4284-AB27-E0A2A9E9C484}.Debug|x64.Build.0 = Debug|Any CPU
		{6670C456-09A3-4284-AB27-E0A2A9E9C484}.Debug|x86.ActiveCfg = Debug|Any CPU
		{6670C456-09A3-4284-AB27-E0A2A9E9C484}.Debug|x86.Build.0 = Debug|Any CPU
		{6670C456-09A3-4284-AB27-E0A2A9E9C484}.Release|Any CPU.ActiveCfg = Release|Any CPU
		{6670C456-09A3-4284-AB27-E0A2A9E9C484}.Release|Any CPU.Build.0 = Release|Any CPU
		{6670C456-09A3-4284-AB27-E0A2A9E9C484}.Release|x64.ActiveCfg = Release|Any CPU
		{6670C456-09A3-4284-AB27-E0A2A9E9C484}.Release|x64.Build.0 = Release|Any CPU
		{6670C456-09A3-4284-AB27-E0A2A9E9C484}.Release|x86.ActiveCfg = Release|Any CPU
		{6670C456-09A3-4284-AB27-E0A2A9E9C484}.Release|x86.Build.0 = Release|Any CPU
		{8A649455-0939-4306-9F37-B5668A507E35}.Debug|Any CPU.ActiveCfg = Debug|Any CPU
		{8A649455-0939-4306-9F37-B5668A507E35}.Debug|Any CPU.Build.0 = Debug|Any CPU
		{8A649455-0939-4306-9F37-B5668A507E35}.Debug|x64.ActiveCfg = Debug|Any CPU
		{8A649455-0939-4306-9F37-B5668A507E35}.Debug|x64.Build.0 = Debug|Any CPU
		{8A649455-0939-4306-9F37-B5668A507E35}.Debug|x86.ActiveCfg = Debug|Any CPU
		{8A649455-0939-4306-9F37-B5668A507E35}.Debug|x86.Build.0 = Debug|Any CPU
		{8A649455-0939-4306-9F37-B5668A507E35}.Release|Any CPU.ActiveCfg = Release|Any CPU
		{8A649455-0939-4306-9F37-B5668A507E35}.Release|Any CPU.Build.0 = Release|Any CPU
		{8A649455-0939-4306-9F37-B5668A507E35}.Release|x64.ActiveCfg = Release|Any CPU
		{8A649455-0939-4306-9F37-B5668A507E35}.Release|x64.Build.0 = Release|Any CPU
		{8A649455-0939-4306-9F37-B5668A507E35}.Release|x86.ActiveCfg = Release|Any CPU
		{8A649455-0939-4306-9F37-B5668A507E35}.Release|x86.Build.0 = Release|Any CPU
		{EAA865A3-468B-4158-A902-8F24A15B7F13}.Debug|Any CPU.ActiveCfg = Debug|Any CPU
		{EAA865A3-468B-4158-A902-8F24A15B7F13}.Debug|Any CPU.Build.0 = Debug|Any CPU
		{EAA865A3-468B-4158-A902-8F24A15B7F13}.Debug|x64.ActiveCfg = Debug|Any CPU
		{EAA865A3-468B-4158-A902-8F24A15B7F13}.Debug|x64.Build.0 = Debug|Any CPU
		{EAA865A3-468B-4158-A902-8F24A15B7F13}.Debug|x86.ActiveCfg = Debug|Any CPU
		{EAA865A3-468B-4158-A902-8F24A15B7F13}.Debug|x86.Build.0 = Debug|Any CPU
		{EAA865A3-468B-4158-A902-8F24A15B7F13}.Release|Any CPU.ActiveCfg = Release|Any CPU
		{EAA865A3-468B-4158-A902-8F24A15B7F13}.Release|Any CPU.Build.0 = Release|Any CPU
		{EAA865A3-468B-4158-A902-8F24A15B7F13}.Release|x64.ActiveCfg = Release|Any CPU
		{EAA865A3-468B-4158-A902-8F24A15B7F13}.Release|x64.Build.0 = Release|Any CPU
		{EAA865A3-468B-4158-A902-8F24A15B7F13}.Release|x86.ActiveCfg = Release|Any CPU
		{EAA865A3-468B-4158-A902-8F24A15B7F13}.Release|x86.Build.0 = Release|Any CPU
		{DB310632-EBB7-423E-93F4-2C894CB5C2F6}.Debug|Any CPU.ActiveCfg = Debug|Any CPU
		{DB310632-EBB7-423E-93F4-2C894CB5C2F6}.Debug|Any CPU.Build.0 = Debug|Any CPU
		{DB310632-EBB7-423E-93F4-2C894CB5C2F6}.Debug|x64.ActiveCfg = Debug|Any CPU
		{DB310632-EBB7-423E-93F4-2C894CB5C2F6}.Debug|x64.Build.0 = Debug|Any CPU
		{DB310632-EBB7-423E-93F4-2C894CB5C2F6}.Debug|x86.ActiveCfg = Debug|Any CPU
		{DB310632-EBB7-423E-93F4-2C894CB5C2F6}.Debug|x86.Build.0 = Debug|Any CPU
		{DB310632-EBB7-423E-93F4-2C894CB5C2F6}.Release|Any CPU.ActiveCfg = Release|Any CPU
		{DB310632-EBB7-423E-93F4-2C894CB5C2F6}.Release|Any CPU.Build.0 = Release|Any CPU
		{DB310632-EBB7-423E-93F4-2C894CB5C2F6}.Release|x64.ActiveCfg = Release|Any CPU
		{DB310632-EBB7-423E-93F4-2C894CB5C2F6}.Release|x64.Build.0 = Release|Any CPU
		{DB310632-EBB7-423E-93F4-2C894CB5C2F6}.Release|x86.ActiveCfg = Release|Any CPU
		{DB310632-EBB7-423E-93F4-2C894CB5C2F6}.Release|x86.Build.0 = Release|Any CPU
		{4682696E-15E8-4C54-97DB-9A268FB36C78}.Debug|Any CPU.ActiveCfg = Debug|Any CPU
		{4682696E-15E8-4C54-97DB-9A268FB36C78}.Debug|Any CPU.Build.0 = Debug|Any CPU
		{4682696E-15E8-4C54-97DB-9A268FB36C78}.Debug|x64.ActiveCfg = Debug|Any CPU
		{4682696E-15E8-4C54-97DB-9A268FB36C78}.Debug|x64.Build.0 = Debug|Any CPU
		{4682696E-15E8-4C54-97DB-9A268FB36C78}.Debug|x86.ActiveCfg = Debug|Any CPU
		{4682696E-15E8-4C54-97DB-9A268FB36C78}.Debug|x86.Build.0 = Debug|Any CPU
		{4682696E-15E8-4C54-97DB-9A268FB36C78}.Release|Any CPU.ActiveCfg = Release|Any CPU
		{4682696E-15E8-4C54-97DB-9A268FB36C78}.Release|Any CPU.Build.0 = Release|Any CPU
		{4682696E-15E8-4C54-97DB-9A268FB36C78}.Release|x64.ActiveCfg = Release|Any CPU
		{4682696E-15E8-4C54-97DB-9A268FB36C78}.Release|x64.Build.0 = Release|Any CPU
		{4682696E-15E8-4C54-97DB-9A268FB36C78}.Release|x86.ActiveCfg = Release|Any CPU
		{4682696E-15E8-4C54-97DB-9A268FB36C78}.Release|x86.Build.0 = Release|Any CPU
		{F04ECF33-97A9-46CD-BB59-44F6766C6F8B}.Debug|Any CPU.ActiveCfg = Debug|Any CPU
		{F04ECF33-97A9-46CD-BB59-44F6766C6F8B}.Debug|Any CPU.Build.0 = Debug|Any CPU
		{F04ECF33-97A9-46CD-BB59-44F6766C6F8B}.Debug|x64.ActiveCfg = Debug|Any CPU
		{F04ECF33-97A9-46CD-BB59-44F6766C6F8B}.Debug|x64.Build.0 = Debug|Any CPU
		{F04ECF33-97A9-46CD-BB59-44F6766C6F8B}.Debug|x86.ActiveCfg = Debug|Any CPU
		{F04ECF33-97A9-46CD-BB59-44F6766C6F8B}.Debug|x86.Build.0 = Debug|Any CPU
		{F04ECF33-97A9-46CD-BB59-44F6766C6F8B}.Release|Any CPU.ActiveCfg = Release|Any CPU
		{F04ECF33-97A9-46CD-BB59-44F6766C6F8B}.Release|Any CPU.Build.0 = Release|Any CPU
		{F04ECF33-97A9-46CD-BB59-44F6766C6F8B}.Release|x64.ActiveCfg = Release|Any CPU
		{F04ECF33-97A9-46CD-BB59-44F6766C6F8B}.Release|x64.Build.0 = Release|Any CPU
		{F04ECF33-97A9-46CD-BB59-44F6766C6F8B}.Release|x86.ActiveCfg = Release|Any CPU
		{F04ECF33-97A9-46CD-BB59-44F6766C6F8B}.Release|x86.Build.0 = Release|Any CPU
		{C6E6B861-D026-476C-B866-01EA979AC530}.Debug|Any CPU.ActiveCfg = Debug|Any CPU
		{C6E6B861-D026-476C-B866-01EA979AC530}.Debug|Any CPU.Build.0 = Debug|Any CPU
		{C6E6B861-D026-476C-B866-01EA979AC530}.Debug|x64.ActiveCfg = Debug|Any CPU
		{C6E6B861-D026-476C-B866-01EA979AC530}.Debug|x64.Build.0 = Debug|Any CPU
		{C6E6B861-D026-476C-B866-01EA979AC530}.Debug|x86.ActiveCfg = Debug|Any CPU
		{C6E6B861-D026-476C-B866-01EA979AC530}.Debug|x86.Build.0 = Debug|Any CPU
		{C6E6B861-D026-476C-B866-01EA979AC530}.Release|Any CPU.ActiveCfg = Release|Any CPU
		{C6E6B861-D026-476C-B866-01EA979AC530}.Release|Any CPU.Build.0 = Release|Any CPU
		{C6E6B861-D026-476C-B866-01EA979AC530}.Release|x64.ActiveCfg = Release|Any CPU
		{C6E6B861-D026-476C-B866-01EA979AC530}.Release|x64.Build.0 = Release|Any CPU
		{C6E6B861-D026-476C-B866-01EA979AC530}.Release|x86.ActiveCfg = Release|Any CPU
		{C6E6B861-D026-476C-B866-01EA979AC530}.Release|x86.Build.0 = Release|Any CPU
		{7E9BB071-B6D6-4644-917D-788A4DC05460}.Debug|Any CPU.ActiveCfg = Debug|Any CPU
		{7E9BB071-B6D6-4644-917D-788A4DC05460}.Debug|Any CPU.Build.0 = Debug|Any CPU
		{7E9BB071-B6D6-4644-917D-788A4DC05460}.Debug|x64.ActiveCfg = Debug|Any CPU
		{7E9BB071-B6D6-4644-917D-788A4DC05460}.Debug|x64.Build.0 = Debug|Any CPU
		{7E9BB071-B6D6-4644-917D-788A4DC05460}.Debug|x86.ActiveCfg = Debug|Any CPU
		{7E9BB071-B6D6-4644-917D-788A4DC05460}.Debug|x86.Build.0 = Debug|Any CPU
		{7E9BB071-B6D6-4644-917D-788A4DC05460}.Release|Any CPU.ActiveCfg = Release|Any CPU
		{7E9BB071-B6D6-4644-917D-788A4DC05460}.Release|Any CPU.Build.0 = Release|Any CPU
		{7E9BB071-B6D6-4644-917D-788A4DC05460}.Release|x64.ActiveCfg = Release|Any CPU
		{7E9BB071-B6D6-4644-917D-788A4DC05460}.Release|x64.Build.0 = Release|Any CPU
		{7E9BB071-B6D6-4644-917D-788A4DC05460}.Release|x86.ActiveCfg = Release|Any CPU
		{7E9BB071-B6D6-4644-917D-788A4DC05460}.Release|x86.Build.0 = Release|Any CPU
		{62E0A853-134F-4223-AAFB-6E84D164B3F2}.Debug|Any CPU.ActiveCfg = Debug|Any CPU
		{62E0A853-134F-4223-AAFB-6E84D164B3F2}.Debug|Any CPU.Build.0 = Debug|Any CPU
		{62E0A853-134F-4223-AAFB-6E84D164B3F2}.Debug|x64.ActiveCfg = Debug|Any CPU
		{62E0A853-134F-4223-AAFB-6E84D164B3F2}.Debug|x64.Build.0 = Debug|Any CPU
		{62E0A853-134F-4223-AAFB-6E84D164B3F2}.Debug|x86.ActiveCfg = Debug|Any CPU
		{62E0A853-134F-4223-AAFB-6E84D164B3F2}.Debug|x86.Build.0 = Debug|Any CPU
		{62E0A853-134F-4223-AAFB-6E84D164B3F2}.Release|Any CPU.ActiveCfg = Release|Any CPU
		{62E0A853-134F-4223-AAFB-6E84D164B3F2}.Release|Any CPU.Build.0 = Release|Any CPU
		{62E0A853-134F-4223-AAFB-6E84D164B3F2}.Release|x64.ActiveCfg = Release|Any CPU
		{62E0A853-134F-4223-AAFB-6E84D164B3F2}.Release|x64.Build.0 = Release|Any CPU
		{62E0A853-134F-4223-AAFB-6E84D164B3F2}.Release|x86.ActiveCfg = Release|Any CPU
		{62E0A853-134F-4223-AAFB-6E84D164B3F2}.Release|x86.Build.0 = Release|Any CPU
		{69462F10-56F8-4DDC-AC74-EE8698E32AAE}.Debug|Any CPU.ActiveCfg = Debug|Any CPU
		{69462F10-56F8-4DDC-AC74-EE8698E32AAE}.Debug|Any CPU.Build.0 = Debug|Any CPU
		{69462F10-56F8-4DDC-AC74-EE8698E32AAE}.Debug|x64.ActiveCfg = Debug|Any CPU
		{69462F10-56F8-4DDC-AC74-EE8698E32AAE}.Debug|x64.Build.0 = Debug|Any CPU
		{69462F10-56F8-4DDC-AC74-EE8698E32AAE}.Debug|x86.ActiveCfg = Debug|Any CPU
		{69462F10-56F8-4DDC-AC74-EE8698E32AAE}.Debug|x86.Build.0 = Debug|Any CPU
		{69462F10-56F8-4DDC-AC74-EE8698E32AAE}.Release|Any CPU.ActiveCfg = Release|Any CPU
		{69462F10-56F8-4DDC-AC74-EE8698E32AAE}.Release|Any CPU.Build.0 = Release|Any CPU
		{69462F10-56F8-4DDC-AC74-EE8698E32AAE}.Release|x64.ActiveCfg = Release|Any CPU
		{69462F10-56F8-4DDC-AC74-EE8698E32AAE}.Release|x64.Build.0 = Release|Any CPU
		{69462F10-56F8-4DDC-AC74-EE8698E32AAE}.Release|x86.ActiveCfg = Release|Any CPU
		{69462F10-56F8-4DDC-AC74-EE8698E32AAE}.Release|x86.Build.0 = Release|Any CPU
		{678BF830-20B0-429F-B532-1ACA0892973A}.Debug|Any CPU.ActiveCfg = Debug|Any CPU
		{678BF830-20B0-429F-B532-1ACA0892973A}.Debug|Any CPU.Build.0 = Debug|Any CPU
		{678BF830-20B0-429F-B532-1ACA0892973A}.Debug|x64.ActiveCfg = Debug|Any CPU
		{678BF830-20B0-429F-B532-1ACA0892973A}.Debug|x64.Build.0 = Debug|Any CPU
		{678BF830-20B0-429F-B532-1ACA0892973A}.Debug|x86.ActiveCfg = Debug|Any CPU
		{678BF830-20B0-429F-B532-1ACA0892973A}.Debug|x86.Build.0 = Debug|Any CPU
		{678BF830-20B0-429F-B532-1ACA0892973A}.Release|Any CPU.ActiveCfg = Release|Any CPU
		{678BF830-20B0-429F-B532-1ACA0892973A}.Release|Any CPU.Build.0 = Release|Any CPU
		{678BF830-20B0-429F-B532-1ACA0892973A}.Release|x64.ActiveCfg = Release|Any CPU
		{678BF830-20B0-429F-B532-1ACA0892973A}.Release|x64.Build.0 = Release|Any CPU
		{678BF830-20B0-429F-B532-1ACA0892973A}.Release|x86.ActiveCfg = Release|Any CPU
		{678BF830-20B0-429F-B532-1ACA0892973A}.Release|x86.Build.0 = Release|Any CPU
		{A0700777-195E-4317-9723-F672EF4EDA7E}.Debug|Any CPU.ActiveCfg = Debug|Any CPU
		{A0700777-195E-4317-9723-F672EF4EDA7E}.Debug|Any CPU.Build.0 = Debug|Any CPU
		{A0700777-195E-4317-9723-F672EF4EDA7E}.Debug|x64.ActiveCfg = Debug|Any CPU
		{A0700777-195E-4317-9723-F672EF4EDA7E}.Debug|x64.Build.0 = Debug|Any CPU
		{A0700777-195E-4317-9723-F672EF4EDA7E}.Debug|x86.ActiveCfg = Debug|Any CPU
		{A0700777-195E-4317-9723-F672EF4EDA7E}.Debug|x86.Build.0 = Debug|Any CPU
		{A0700777-195E-4317-9723-F672EF4EDA7E}.Release|Any CPU.ActiveCfg = Release|Any CPU
		{A0700777-195E-4317-9723-F672EF4EDA7E}.Release|Any CPU.Build.0 = Release|Any CPU
		{A0700777-195E-4317-9723-F672EF4EDA7E}.Release|x64.ActiveCfg = Release|Any CPU
		{A0700777-195E-4317-9723-F672EF4EDA7E}.Release|x64.Build.0 = Release|Any CPU
		{A0700777-195E-4317-9723-F672EF4EDA7E}.Release|x86.ActiveCfg = Release|Any CPU
		{A0700777-195E-4317-9723-F672EF4EDA7E}.Release|x86.Build.0 = Release|Any CPU
		{69190E2B-9D5C-4D94-8F2C-111AC582EA45}.Debug|Any CPU.ActiveCfg = Debug|Any CPU
		{69190E2B-9D5C-4D94-8F2C-111AC582EA45}.Debug|Any CPU.Build.0 = Debug|Any CPU
		{69190E2B-9D5C-4D94-8F2C-111AC582EA45}.Debug|x64.ActiveCfg = Debug|Any CPU
		{69190E2B-9D5C-4D94-8F2C-111AC582EA45}.Debug|x64.Build.0 = Debug|Any CPU
		{69190E2B-9D5C-4D94-8F2C-111AC582EA45}.Debug|x86.ActiveCfg = Debug|Any CPU
		{69190E2B-9D5C-4D94-8F2C-111AC582EA45}.Debug|x86.Build.0 = Debug|Any CPU
		{69190E2B-9D5C-4D94-8F2C-111AC582EA45}.Release|Any CPU.ActiveCfg = Release|Any CPU
		{69190E2B-9D5C-4D94-8F2C-111AC582EA45}.Release|Any CPU.Build.0 = Release|Any CPU
		{69190E2B-9D5C-4D94-8F2C-111AC582EA45}.Release|x64.ActiveCfg = Release|Any CPU
		{69190E2B-9D5C-4D94-8F2C-111AC582EA45}.Release|x64.Build.0 = Release|Any CPU
		{69190E2B-9D5C-4D94-8F2C-111AC582EA45}.Release|x86.ActiveCfg = Release|Any CPU
		{69190E2B-9D5C-4D94-8F2C-111AC582EA45}.Release|x86.Build.0 = Release|Any CPU
		{78BBE643-EACF-4A9F-9AB7-A7091D54EAF1}.Debug|Any CPU.ActiveCfg = Debug|Any CPU
		{78BBE643-EACF-4A9F-9AB7-A7091D54EAF1}.Debug|Any CPU.Build.0 = Debug|Any CPU
		{78BBE643-EACF-4A9F-9AB7-A7091D54EAF1}.Debug|x64.ActiveCfg = Debug|Any CPU
		{78BBE643-EACF-4A9F-9AB7-A7091D54EAF1}.Debug|x64.Build.0 = Debug|Any CPU
		{78BBE643-EACF-4A9F-9AB7-A7091D54EAF1}.Debug|x86.ActiveCfg = Debug|Any CPU
		{78BBE643-EACF-4A9F-9AB7-A7091D54EAF1}.Debug|x86.Build.0 = Debug|Any CPU
		{78BBE643-EACF-4A9F-9AB7-A7091D54EAF1}.Release|Any CPU.ActiveCfg = Release|Any CPU
		{78BBE643-EACF-4A9F-9AB7-A7091D54EAF1}.Release|Any CPU.Build.0 = Release|Any CPU
		{78BBE643-EACF-4A9F-9AB7-A7091D54EAF1}.Release|x64.ActiveCfg = Release|Any CPU
		{78BBE643-EACF-4A9F-9AB7-A7091D54EAF1}.Release|x64.Build.0 = Release|Any CPU
		{78BBE643-EACF-4A9F-9AB7-A7091D54EAF1}.Release|x86.ActiveCfg = Release|Any CPU
		{78BBE643-EACF-4A9F-9AB7-A7091D54EAF1}.Release|x86.Build.0 = Release|Any CPU
		{54EFE7BF-BC0C-4985-88B0-51C728874313}.Debug|Any CPU.ActiveCfg = Debug|Any CPU
		{54EFE7BF-BC0C-4985-88B0-51C728874313}.Debug|Any CPU.Build.0 = Debug|Any CPU
		{54EFE7BF-BC0C-4985-88B0-51C728874313}.Debug|x64.ActiveCfg = Debug|Any CPU
		{54EFE7BF-BC0C-4985-88B0-51C728874313}.Debug|x64.Build.0 = Debug|Any CPU
		{54EFE7BF-BC0C-4985-88B0-51C728874313}.Debug|x86.ActiveCfg = Debug|Any CPU
		{54EFE7BF-BC0C-4985-88B0-51C728874313}.Debug|x86.Build.0 = Debug|Any CPU
		{54EFE7BF-BC0C-4985-88B0-51C728874313}.Release|Any CPU.ActiveCfg = Release|Any CPU
		{54EFE7BF-BC0C-4985-88B0-51C728874313}.Release|Any CPU.Build.0 = Release|Any CPU
		{54EFE7BF-BC0C-4985-88B0-51C728874313}.Release|x64.ActiveCfg = Release|Any CPU
		{54EFE7BF-BC0C-4985-88B0-51C728874313}.Release|x64.Build.0 = Release|Any CPU
		{54EFE7BF-BC0C-4985-88B0-51C728874313}.Release|x86.ActiveCfg = Release|Any CPU
		{54EFE7BF-BC0C-4985-88B0-51C728874313}.Release|x86.Build.0 = Release|Any CPU
		{BB856DBE-8421-410D-8698-E84B39F25916}.Debug|Any CPU.ActiveCfg = Debug|Any CPU
		{BB856DBE-8421-410D-8698-E84B39F25916}.Debug|Any CPU.Build.0 = Debug|Any CPU
		{BB856DBE-8421-410D-8698-E84B39F25916}.Debug|x64.ActiveCfg = Debug|Any CPU
		{BB856DBE-8421-410D-8698-E84B39F25916}.Debug|x64.Build.0 = Debug|Any CPU
		{BB856DBE-8421-410D-8698-E84B39F25916}.Debug|x86.ActiveCfg = Debug|Any CPU
		{BB856DBE-8421-410D-8698-E84B39F25916}.Debug|x86.Build.0 = Debug|Any CPU
		{BB856DBE-8421-410D-8698-E84B39F25916}.Release|Any CPU.ActiveCfg = Release|Any CPU
		{BB856DBE-8421-410D-8698-E84B39F25916}.Release|Any CPU.Build.0 = Release|Any CPU
		{BB856DBE-8421-410D-8698-E84B39F25916}.Release|x64.ActiveCfg = Release|Any CPU
		{BB856DBE-8421-410D-8698-E84B39F25916}.Release|x64.Build.0 = Release|Any CPU
		{BB856DBE-8421-410D-8698-E84B39F25916}.Release|x86.ActiveCfg = Release|Any CPU
		{BB856DBE-8421-410D-8698-E84B39F25916}.Release|x86.Build.0 = Release|Any CPU
		{DE5F4F2D-5BE5-4C0E-BD0C-7DD9FDC7E136}.Debug|Any CPU.ActiveCfg = Debug|Any CPU
		{DE5F4F2D-5BE5-4C0E-BD0C-7DD9FDC7E136}.Debug|Any CPU.Build.0 = Debug|Any CPU
		{DE5F4F2D-5BE5-4C0E-BD0C-7DD9FDC7E136}.Debug|x64.ActiveCfg = Debug|Any CPU
		{DE5F4F2D-5BE5-4C0E-BD0C-7DD9FDC7E136}.Debug|x64.Build.0 = Debug|Any CPU
		{DE5F4F2D-5BE5-4C0E-BD0C-7DD9FDC7E136}.Debug|x86.ActiveCfg = Debug|Any CPU
		{DE5F4F2D-5BE5-4C0E-BD0C-7DD9FDC7E136}.Debug|x86.Build.0 = Debug|Any CPU
		{DE5F4F2D-5BE5-4C0E-BD0C-7DD9FDC7E136}.Release|Any CPU.ActiveCfg = Release|Any CPU
		{DE5F4F2D-5BE5-4C0E-BD0C-7DD9FDC7E136}.Release|Any CPU.Build.0 = Release|Any CPU
		{DE5F4F2D-5BE5-4C0E-BD0C-7DD9FDC7E136}.Release|x64.ActiveCfg = Release|Any CPU
		{DE5F4F2D-5BE5-4C0E-BD0C-7DD9FDC7E136}.Release|x64.Build.0 = Release|Any CPU
		{DE5F4F2D-5BE5-4C0E-BD0C-7DD9FDC7E136}.Release|x86.ActiveCfg = Release|Any CPU
		{DE5F4F2D-5BE5-4C0E-BD0C-7DD9FDC7E136}.Release|x86.Build.0 = Release|Any CPU
	EndGlobalSection
	GlobalSection(SolutionProperties) = preSolution
		HideSolutionNode = FALSE
	EndGlobalSection
	GlobalSection(NestedProjects) = preSolution
		{8C831312-5A23-445A-AA0D-80BAF9A9A751} = {F4EACBFE-9EEC-437B-B777-7AAA9489976C}
		{6670C456-09A3-4284-AB27-E0A2A9E9C484} = {F4EACBFE-9EEC-437B-B777-7AAA9489976C}
		{8A649455-0939-4306-9F37-B5668A507E35} = {F4EACBFE-9EEC-437B-B777-7AAA9489976C}
		{EAA865A3-468B-4158-A902-8F24A15B7F13} = {F4EACBFE-9EEC-437B-B777-7AAA9489976C}
		{DB310632-EBB7-423E-93F4-2C894CB5C2F6} = {F4EACBFE-9EEC-437B-B777-7AAA9489976C}
		{4682696E-15E8-4C54-97DB-9A268FB36C78} = {F4EACBFE-9EEC-437B-B777-7AAA9489976C}
		{F04ECF33-97A9-46CD-BB59-44F6766C6F8B} = {8C831312-5A23-445A-AA0D-80BAF9A9A751}
		{C6E6B861-D026-476C-B866-01EA979AC530} = {8C831312-5A23-445A-AA0D-80BAF9A9A751}
		{7E9BB071-B6D6-4644-917D-788A4DC05460} = {8C831312-5A23-445A-AA0D-80BAF9A9A751}
		{62E0A853-134F-4223-AAFB-6E84D164B3F2} = {F4EACBFE-9EEC-437B-B777-7AAA9489976C}
		{D5A5CF72-B22B-4AB9-A729-3781BAAAD4B8} = {F4EACBFE-9EEC-437B-B777-7AAA9489976C}
		{2B66CEFB-6D2D-4055-B9DC-38026A972B8E} = {8C831312-5A23-445A-AA0D-80BAF9A9A751}
		{69462F10-56F8-4DDC-AC74-EE8698E32AAE} = {2B66CEFB-6D2D-4055-B9DC-38026A972B8E}
		{678BF830-20B0-429F-B532-1ACA0892973A} = {D5A5CF72-B22B-4AB9-A729-3781BAAAD4B8}
		{7918FAA2-E7B0-4598-930C-2DC51255A75B} = {F4EACBFE-9EEC-437B-B777-7AAA9489976C}
		{A0700777-195E-4317-9723-F672EF4EDA7E} = {7918FAA2-E7B0-4598-930C-2DC51255A75B}
		{69190E2B-9D5C-4D94-8F2C-111AC582EA45} = {7918FAA2-E7B0-4598-930C-2DC51255A75B}
		{78BBE643-EACF-4A9F-9AB7-A7091D54EAF1} = {F4EACBFE-9EEC-437B-B777-7AAA9489976C}
		{54EFE7BF-BC0C-4985-88B0-51C728874313} = {F4EACBFE-9EEC-437B-B777-7AAA9489976C}
		{BB856DBE-8421-410D-8698-E84B39F25916} = {F4EACBFE-9EEC-437B-B777-7AAA9489976C}
		{DE5F4F2D-5BE5-4C0E-BD0C-7DD9FDC7E136} = {F4EACBFE-9EEC-437B-B777-7AAA9489976C}
	EndGlobalSection
EndGlobal
